{
  "version": 4,
  "terraform_version": "1.9.8",
  "serial": 82,
  "lineage": "798ac035-ecd4-3dcd-f182-fb2f6ab6aa6f",
  "outputs": {},
  "resources": [
    {
      "mode": "data",
      "type": "google_project",
      "name": "projects",
      "provider": "provider[\"registry.terraform.io/hashicorp/google\"]",
      "instances": [
        {
          "index_key": "prod",
          "schema_version": 0,
          "attributes": {
            "auto_create_network": null,
            "billing_account": "013A40-8364C1-93D276",
            "deletion_policy": "PREVENT",
            "effective_labels": {},
            "folder_id": null,
            "id": "projects/prod-ai-starter-pack-442623",
            "labels": {},
            "name": "prod-ai-starter-pack",
            "number": "197924652919",
            "org_id": null,
            "project_id": "prod-ai-starter-pack-442623",
            "tags": null,
            "terraform_labels": {}
          },
          "sensitive_attributes": []
        },
        {
          "index_key": "staging",
          "schema_version": 0,
          "attributes": {
            "auto_create_network": null,
            "billing_account": "013A40-8364C1-93D276",
            "deletion_policy": "PREVENT",
            "effective_labels": {},
            "folder_id": null,
            "id": "projects/second-conquest-442417-g7",
            "labels": {},
            "name": "My First Project",
            "number": "383688651359",
            "org_id": null,
            "project_id": "second-conquest-442417-g7",
            "tags": null,
            "terraform_labels": {}
          },
          "sensitive_attributes": []
        }
      ]
    },
    {
      "mode": "managed",
      "type": "google_artifact_registry_repository",
      "name": "my-repo",
      "provider": "provider[\"registry.terraform.io/hashicorp/google\"]",
      "instances": [
        {
          "schema_version": 0,
          "attributes": {
            "cleanup_policies": [],
            "cleanup_policy_dry_run": false,
            "create_time": "2024-11-23T23:55:20.890350Z",
            "description": "Repo for Generative AI applications",
            "docker_config": [],
            "effective_labels": {
              "goog-terraform-provisioned": "true"
            },
            "format": "DOCKER",
            "id": "projects/cicd-ai-starter-pack-442623/locations/northamerica-northeast1/repositories/genai-containers",
            "kms_key_name": "",
            "labels": {},
            "location": "northamerica-northeast1",
            "maven_config": [],
            "mode": "STANDARD_REPOSITORY",
            "name": "genai-containers",
            "project": "cicd-ai-starter-pack-442623",
            "remote_repository_config": [],
            "repository_id": "genai-containers",
            "terraform_labels": {
              "goog-terraform-provisioned": "true"
            },
            "timeouts": null,
            "update_time": "2024-11-23T23:55:20.890350Z",
            "virtual_repository_config": []
          },
          "sensitive_attributes": [],
          "private": "eyJlMmJmYjczMC1lY2FhLTExZTYtOGY4OC0zNDM2M2JjN2M0YzAiOnsiY3JlYXRlIjoxMjAwMDAwMDAwMDAwLCJkZWxldGUiOjEyMDAwMDAwMDAwMDAsInVwZGF0ZSI6MTIwMDAwMDAwMDAwMH19",
          "dependencies": [
            "google_project_service.cicd_services",
            "google_project_service.shared_services"
          ]
        }
      ]
    },
    {
      "mode": "managed",
      "type": "google_bigquery_dataset",
      "name": "feedback_dataset",
      "provider": "provider[\"registry.terraform.io/hashicorp/google\"]",
      "instances": [
        {
          "index_key": "prod",
          "schema_version": 0,
          "attributes": {
            "access": [
              {
                "dataset": [],
                "domain": "",
                "group_by_email": "",
                "iam_member": "",
                "role": "OWNER",
                "routine": [],
                "special_group": "",
                "user_by_email": "ghaithdekhili2@gmail.com",
                "view": []
              },
              {
                "dataset": [],
                "domain": "",
                "group_by_email": "",
                "iam_member": "",
                "role": "OWNER",
                "routine": [],
                "special_group": "projectOwners",
                "user_by_email": "",
                "view": []
              },
              {
                "dataset": [],
                "domain": "",
                "group_by_email": "",
                "iam_member": "",
                "role": "READER",
                "routine": [],
                "special_group": "projectReaders",
                "user_by_email": "",
                "view": []
              },
              {
                "dataset": [],
                "domain": "",
                "group_by_email": "",
                "iam_member": "",
                "role": "WRITER",
                "routine": [],
                "special_group": "projectWriters",
                "user_by_email": "",
                "view": []
              }
            ],
            "creation_time": 1732406111319,
            "dataset_id": "feedback_genai_app_sample_sink",
            "default_collation": "",
            "default_encryption_configuration": [],
            "default_partition_expiration_ms": 0,
            "default_table_expiration_ms": 0,
            "delete_contents_on_destroy": false,
            "description": "",
            "effective_labels": {
              "goog-terraform-provisioned": "true"
            },
            "etag": "a8xl877LlD6MI+3cXvenKw==",
            "external_dataset_reference": [],
            "friendly_name": "feedback_genai_app_sample_sink",
            "id": "projects/prod-ai-starter-pack-442623/datasets/feedback_genai_app_sample_sink",
            "is_case_insensitive": false,
            "labels": {},
            "last_modified_time": 1732406111319,
            "location": "northamerica-northeast1",
            "max_time_travel_hours": "168",
            "project": "prod-ai-starter-pack-442623",
            "resource_tags": {},
            "self_link": "https://bigquery.googleapis.com/bigquery/v2/projects/prod-ai-starter-pack-442623/datasets/feedback_genai_app_sample_sink",
            "storage_billing_model": "",
            "terraform_labels": {
              "goog-terraform-provisioned": "true"
            },
            "timeouts": null
          },
          "sensitive_attributes": [],
          "private": "eyJlMmJmYjczMC1lY2FhLTExZTYtOGY4OC0zNDM2M2JjN2M0YzAiOnsiY3JlYXRlIjoxMjAwMDAwMDAwMDAwLCJkZWxldGUiOjEyMDAwMDAwMDAwMDAsInVwZGF0ZSI6MTIwMDAwMDAwMDAwMH19",
          "dependencies": [
            "google_project_service.cicd_services",
            "google_project_service.shared_services"
          ]
        },
        {
          "index_key": "staging",
          "schema_version": 0,
          "attributes": {
            "access": [
              {
                "dataset": [],
                "domain": "",
                "group_by_email": "",
                "iam_member": "",
                "role": "OWNER",
                "routine": [],
                "special_group": "",
                "user_by_email": "ghaithdekhili2@gmail.com",
                "view": []
              },
              {
                "dataset": [],
                "domain": "",
                "group_by_email": "",
                "iam_member": "",
                "role": "OWNER",
                "routine": [],
                "special_group": "projectOwners",
                "user_by_email": "",
                "view": []
              },
              {
                "dataset": [],
                "domain": "",
                "group_by_email": "",
                "iam_member": "",
                "role": "READER",
                "routine": [],
                "special_group": "projectReaders",
                "user_by_email": "",
                "view": []
              },
              {
                "dataset": [],
                "domain": "",
                "group_by_email": "",
                "iam_member": "",
                "role": "WRITER",
                "routine": [],
                "special_group": "projectWriters",
                "user_by_email": "",
                "view": []
              }
            ],
            "creation_time": 1732406111418,
            "dataset_id": "feedback_genai_app_sample_sink",
            "default_collation": "",
            "default_encryption_configuration": [],
            "default_partition_expiration_ms": 0,
            "default_table_expiration_ms": 0,
            "delete_contents_on_destroy": false,
            "description": "",
            "effective_labels": {
              "goog-terraform-provisioned": "true"
            },
            "etag": "KQO0AgWQjZImTQ1MqLRMdA==",
            "external_dataset_reference": [],
            "friendly_name": "feedback_genai_app_sample_sink",
            "id": "projects/second-conquest-442417-g7/datasets/feedback_genai_app_sample_sink",
            "is_case_insensitive": false,
            "labels": {},
            "last_modified_time": 1732406111418,
            "location": "northamerica-northeast1",
            "max_time_travel_hours": "168",
            "project": "second-conquest-442417-g7",
            "resource_tags": {},
            "self_link": "https://bigquery.googleapis.com/bigquery/v2/projects/second-conquest-442417-g7/datasets/feedback_genai_app_sample_sink",
            "storage_billing_model": "",
            "terraform_labels": {
              "goog-terraform-provisioned": "true"
            },
            "timeouts": null
          },
          "sensitive_attributes": [],
          "private": "eyJlMmJmYjczMC1lY2FhLTExZTYtOGY4OC0zNDM2M2JjN2M0YzAiOnsiY3JlYXRlIjoxMjAwMDAwMDAwMDAwLCJkZWxldGUiOjEyMDAwMDAwMDAwMDAsInVwZGF0ZSI6MTIwMDAwMDAwMDAwMH19",
          "dependencies": [
            "google_project_service.cicd_services",
            "google_project_service.shared_services"
          ]
        }
      ]
    },
    {
      "mode": "managed",
      "type": "google_bigquery_dataset",
      "name": "telemetry_logs_dataset",
      "provider": "provider[\"registry.terraform.io/hashicorp/google\"]",
      "instances": [
        {
          "index_key": "prod",
          "schema_version": 0,
          "attributes": {
            "access": [
              {
                "dataset": [],
                "domain": "",
                "group_by_email": "",
                "iam_member": "",
                "role": "OWNER",
                "routine": [],
                "special_group": "",
                "user_by_email": "ghaithdekhili2@gmail.com",
                "view": []
              },
              {
                "dataset": [],
                "domain": "",
                "group_by_email": "",
                "iam_member": "",
                "role": "OWNER",
                "routine": [],
                "special_group": "projectOwners",
                "user_by_email": "",
                "view": []
              },
              {
                "dataset": [],
                "domain": "",
                "group_by_email": "",
                "iam_member": "",
                "role": "READER",
                "routine": [],
                "special_group": "projectReaders",
                "user_by_email": "",
                "view": []
              },
              {
                "dataset": [],
                "domain": "",
                "group_by_email": "",
                "iam_member": "",
                "role": "WRITER",
                "routine": [],
                "special_group": "projectWriters",
                "user_by_email": "",
                "view": []
              }
            ],
            "creation_time": 1732406120217,
            "dataset_id": "telemetry_genai_app_sample_sink",
            "default_collation": "",
            "default_encryption_configuration": [],
            "default_partition_expiration_ms": 0,
            "default_table_expiration_ms": 0,
            "delete_contents_on_destroy": false,
            "description": "",
            "effective_labels": {
              "goog-terraform-provisioned": "true"
            },
            "etag": "IcVNl9zXm/QHLPBBw4Jjpg==",
            "external_dataset_reference": [],
            "friendly_name": "telemetry_genai_app_sample_sink",
            "id": "projects/prod-ai-starter-pack-442623/datasets/telemetry_genai_app_sample_sink",
            "is_case_insensitive": false,
            "labels": {},
            "last_modified_time": 1732406120217,
            "location": "northamerica-northeast1",
            "max_time_travel_hours": "168",
            "project": "prod-ai-starter-pack-442623",
            "resource_tags": {},
            "self_link": "https://bigquery.googleapis.com/bigquery/v2/projects/prod-ai-starter-pack-442623/datasets/telemetry_genai_app_sample_sink",
            "storage_billing_model": "",
            "terraform_labels": {
              "goog-terraform-provisioned": "true"
            },
            "timeouts": null
          },
          "sensitive_attributes": [],
          "private": "eyJlMmJmYjczMC1lY2FhLTExZTYtOGY4OC0zNDM2M2JjN2M0YzAiOnsiY3JlYXRlIjoxMjAwMDAwMDAwMDAwLCJkZWxldGUiOjEyMDAwMDAwMDAwMDAsInVwZGF0ZSI6MTIwMDAwMDAwMDAwMH19",
          "dependencies": [
            "google_bigquery_dataset.feedback_dataset",
            "google_project_service.cicd_services",
            "google_project_service.shared_services",
            "module.feedback_export_to_bigquery.google_logging_billing_account_sink.sink",
            "module.feedback_export_to_bigquery.google_logging_folder_sink.sink",
            "module.feedback_export_to_bigquery.google_logging_organization_sink.sink",
            "module.feedback_export_to_bigquery.google_logging_project_sink.sink",
            "module.log_export_to_bigquery.google_logging_billing_account_sink.sink",
            "module.log_export_to_bigquery.google_logging_folder_sink.sink",
            "module.log_export_to_bigquery.google_logging_organization_sink.sink",
            "module.log_export_to_bigquery.google_logging_project_sink.sink"
          ]
        },
        {
          "index_key": "staging",
          "schema_version": 0,
          "attributes": {
            "access": [
              {
                "dataset": [],
                "domain": "",
                "group_by_email": "",
                "iam_member": "",
                "role": "OWNER",
                "routine": [],
                "special_group": "",
                "user_by_email": "ghaithdekhili2@gmail.com",
                "view": []
              },
              {
                "dataset": [],
                "domain": "",
                "group_by_email": "",
                "iam_member": "",
                "role": "OWNER",
                "routine": [],
                "special_group": "projectOwners",
                "user_by_email": "",
                "view": []
              },
              {
                "dataset": [],
                "domain": "",
                "group_by_email": "",
                "iam_member": "",
                "role": "READER",
                "routine": [],
                "special_group": "projectReaders",
                "user_by_email": "",
                "view": []
              },
              {
                "dataset": [],
                "domain": "",
                "group_by_email": "",
                "iam_member": "",
                "role": "WRITER",
                "routine": [],
                "special_group": "projectWriters",
                "user_by_email": "",
                "view": []
              }
            ],
            "creation_time": 1732406120224,
            "dataset_id": "telemetry_genai_app_sample_sink",
            "default_collation": "",
            "default_encryption_configuration": [],
            "default_partition_expiration_ms": 0,
            "default_table_expiration_ms": 0,
            "delete_contents_on_destroy": false,
            "description": "",
            "effective_labels": {
              "goog-terraform-provisioned": "true"
            },
            "etag": "E1u94QQbAdSlyuiqmiAQEQ==",
            "external_dataset_reference": [],
            "friendly_name": "telemetry_genai_app_sample_sink",
            "id": "projects/second-conquest-442417-g7/datasets/telemetry_genai_app_sample_sink",
            "is_case_insensitive": false,
            "labels": {},
            "last_modified_time": 1732406120224,
            "location": "northamerica-northeast1",
            "max_time_travel_hours": "168",
            "project": "second-conquest-442417-g7",
            "resource_tags": {},
            "self_link": "https://bigquery.googleapis.com/bigquery/v2/projects/second-conquest-442417-g7/datasets/telemetry_genai_app_sample_sink",
            "storage_billing_model": "",
            "terraform_labels": {
              "goog-terraform-provisioned": "true"
            },
            "timeouts": null
          },
          "sensitive_attributes": [],
          "private": "eyJlMmJmYjczMC1lY2FhLTExZTYtOGY4OC0zNDM2M2JjN2M0YzAiOnsiY3JlYXRlIjoxMjAwMDAwMDAwMDAwLCJkZWxldGUiOjEyMDAwMDAwMDAwMDAsInVwZGF0ZSI6MTIwMDAwMDAwMDAwMH19",
          "dependencies": [
            "google_bigquery_dataset.feedback_dataset",
            "google_project_service.cicd_services",
            "google_project_service.shared_services",
            "module.feedback_export_to_bigquery.google_logging_billing_account_sink.sink",
            "module.feedback_export_to_bigquery.google_logging_folder_sink.sink",
            "module.feedback_export_to_bigquery.google_logging_organization_sink.sink",
            "module.feedback_export_to_bigquery.google_logging_project_sink.sink",
            "module.log_export_to_bigquery.google_logging_billing_account_sink.sink",
            "module.log_export_to_bigquery.google_logging_folder_sink.sink",
            "module.log_export_to_bigquery.google_logging_organization_sink.sink",
            "module.log_export_to_bigquery.google_logging_project_sink.sink"
          ]
        }
      ]
    },
    {
      "mode": "managed",
      "type": "google_cloudbuild_trigger",
      "name": "cd_pipeline",
      "provider": "provider[\"registry.terraform.io/hashicorp/google\"]",
      "instances": [
        {
          "schema_version": 2,
          "attributes": {
            "approval_config": [
              {
                "approval_required": false
              }
            ],
            "bitbucket_server_trigger_config": [],
            "build": [],
            "create_time": "2024-11-24T00:41:33.984539563Z",
            "description": "Trigger for CD pipeline",
            "disabled": false,
            "filename": "deployment/cd/staging.yaml",
            "filter": "",
            "git_file_source": [],
            "github": [],
            "id": "projects/cicd-ai-starter-pack-442623/locations/northamerica-northeast1/triggers/c784fda2-08d5-4b08-8a86-3e6dc0b5e5a5",
            "ignored_files": null,
            "include_build_logs": "",
            "included_files": [
              "app/**",
              "tests/**",
              "deployment/**",
              "poetry.lock"
            ],
            "location": "northamerica-northeast1",
            "name": "cd-pipeline",
            "project": "cicd-ai-starter-pack-442623",
            "pubsub_config": [],
            "repository_event_config": [
              {
                "pull_request": [],
                "push": [
                  {
                    "branch": "main",
                    "invert_regex": false,
                    "tag": ""
                  }
                ],
                "repository": "projects/cicd-ai-starter-pack-442623/locations/northamerica-northeast1/connections/app-starter-pack/repositories/GhaithDek-app-starter-pack"
              }
            ],
            "service_account": "projects/cicd-ai-starter-pack-442623/serviceAccounts/cicd-runner@cicd-ai-starter-pack-442623.iam.gserviceaccount.com",
            "source_to_build": [],
            "substitutions": {
              "_ARTIFACT_REGISTRY_REPO_NAME": "genai-containers",
              "_BUCKET_NAME_LOAD_TEST_RESULTS": "cicd-ai-starter-pack-442623-cicd-load-test-results",
              "_CLOUD_RUN_APP_SA_NAME": "genai-app-sample-cr-sa",
              "_PROD_PROJECT_ID": "prod-ai-starter-pack-442623",
              "_REGION": "northamerica-northeast1",
              "_STAGING_PROJECT_ID": "second-conquest-442417-g7"
            },
            "tags": null,
            "timeouts": null,
            "trigger_id": "c784fda2-08d5-4b08-8a86-3e6dc0b5e5a5",
            "trigger_template": [],
            "webhook_config": []
          },
          "sensitive_attributes": [],
          "private": "eyJlMmJmYjczMC1lY2FhLTExZTYtOGY4OC0zNDM2M2JjN2M0YzAiOnsiY3JlYXRlIjoxMjAwMDAwMDAwMDAwLCJkZWxldGUiOjEyMDAwMDAwMDAwMDAsInVwZGF0ZSI6MTIwMDAwMDAwMDAwMH0sInNjaGVtYV92ZXJzaW9uIjoiMiJ9",
          "dependencies": [
            "google_project_service.cicd_services",
            "google_project_service.shared_services",
            "google_service_account.cicd_runner_sa",
            "google_storage_bucket.bucket_load_test_results"
          ]
        }
      ]
    },
    {
      "mode": "managed",
      "type": "google_cloudbuild_trigger",
      "name": "deploy_to_prod_pipeline",
      "provider": "provider[\"registry.terraform.io/hashicorp/google\"]",
      "instances": [
        {
          "schema_version": 2,
          "attributes": {
            "approval_config": [
              {
                "approval_required": true
              }
            ],
            "bitbucket_server_trigger_config": [],
            "build": [],
            "create_time": "2024-11-24T00:41:33.959155512Z",
            "description": "Trigger for deployment to production",
            "disabled": false,
            "filename": "deployment/cd/deploy-to-prod.yaml",
            "filter": "",
            "git_file_source": [],
            "github": [],
            "id": "projects/cicd-ai-starter-pack-442623/locations/northamerica-northeast1/triggers/b8089805-003a-4ce3-9c78-68141a8ea2b6",
            "ignored_files": null,
            "include_build_logs": "",
            "included_files": null,
            "location": "northamerica-northeast1",
            "name": "deploy-to-prod-pipeline",
            "project": "cicd-ai-starter-pack-442623",
            "pubsub_config": [],
            "repository_event_config": [
              {
                "pull_request": [],
                "push": [],
                "repository": "projects/cicd-ai-starter-pack-442623/locations/northamerica-northeast1/connections/app-starter-pack/repositories/GhaithDek-app-starter-pack"
              }
            ],
            "service_account": "projects/cicd-ai-starter-pack-442623/serviceAccounts/cicd-runner@cicd-ai-starter-pack-442623.iam.gserviceaccount.com",
            "source_to_build": [],
            "substitutions": null,
            "tags": null,
            "timeouts": null,
            "trigger_id": "b8089805-003a-4ce3-9c78-68141a8ea2b6",
            "trigger_template": [],
            "webhook_config": []
          },
          "sensitive_attributes": [],
          "private": "eyJlMmJmYjczMC1lY2FhLTExZTYtOGY4OC0zNDM2M2JjN2M0YzAiOnsiY3JlYXRlIjoxMjAwMDAwMDAwMDAwLCJkZWxldGUiOjEyMDAwMDAwMDAwMDAsInVwZGF0ZSI6MTIwMDAwMDAwMDAwMH0sInNjaGVtYV92ZXJzaW9uIjoiMiJ9",
          "dependencies": [
            "google_project_service.cicd_services",
            "google_project_service.shared_services",
            "google_service_account.cicd_runner_sa"
          ]
        }
      ]
    },
    {
      "mode": "managed",
      "type": "google_cloudbuild_trigger",
      "name": "pr_checks",
      "provider": "provider[\"registry.terraform.io/hashicorp/google\"]",
      "instances": [
        {
          "schema_version": 2,
          "attributes": {
            "approval_config": [
              {
                "approval_required": false
              }
            ],
            "bitbucket_server_trigger_config": [],
            "build": [],
            "create_time": "2024-11-24T00:41:33.964566119Z",
            "description": "Trigger for PR checks",
            "disabled": false,
            "filename": "deployment/ci/pr_checks.yaml",
            "filter": "",
            "git_file_source": [],
            "github": [],
            "id": "projects/cicd-ai-starter-pack-442623/locations/northamerica-northeast1/triggers/177e1d29-c7d0-4ead-9387-6f2a9247324a",
            "ignored_files": null,
            "include_build_logs": "",
            "included_files": [
              "app/**",
              "tests/**",
              "deployment/**",
              "poetry.lock"
            ],
            "location": "northamerica-northeast1",
            "name": "pr-checks",
            "project": "cicd-ai-starter-pack-442623",
            "pubsub_config": [],
            "repository_event_config": [
              {
                "pull_request": [
                  {
                    "branch": "main",
                    "comment_control": "",
                    "invert_regex": false
                  }
                ],
                "push": [],
                "repository": "projects/cicd-ai-starter-pack-442623/locations/northamerica-northeast1/connections/app-starter-pack/repositories/GhaithDek-app-starter-pack"
              }
            ],
            "service_account": "projects/cicd-ai-starter-pack-442623/serviceAccounts/cicd-runner@cicd-ai-starter-pack-442623.iam.gserviceaccount.com",
            "source_to_build": [],
            "substitutions": null,
            "tags": null,
            "timeouts": null,
            "trigger_id": "177e1d29-c7d0-4ead-9387-6f2a9247324a",
            "trigger_template": [],
            "webhook_config": []
          },
          "sensitive_attributes": [],
          "private": "eyJlMmJmYjczMC1lY2FhLTExZTYtOGY4OC0zNDM2M2JjN2M0YzAiOnsiY3JlYXRlIjoxMjAwMDAwMDAwMDAwLCJkZWxldGUiOjEyMDAwMDAwMDAwMDAsInVwZGF0ZSI6MTIwMDAwMDAwMDAwMH0sInNjaGVtYV92ZXJzaW9uIjoiMiJ9",
          "dependencies": [
            "google_project_service.cicd_services",
            "google_project_service.shared_services",
            "google_service_account.cicd_runner_sa"
          ]
        }
      ]
    },
    {
      "mode": "managed",
      "type": "google_project_iam_member",
      "name": "bigquery_data_editor",
      "provider": "provider[\"registry.terraform.io/hashicorp/google\"]",
      "instances": [
        {
          "index_key": "prod",
          "schema_version": 0,
          "attributes": {
            "condition": [],
            "etag": "BwYnnTzKwmg=",
            "id": "prod-ai-starter-pack-442623/roles/bigquery.dataEditor/serviceAccount:service-197924652919@gcp-sa-logging.iam.gserviceaccount.com",
            "member": "serviceAccount:service-197924652919@gcp-sa-logging.iam.gserviceaccount.com",
            "project": "prod-ai-starter-pack-442623",
            "role": "roles/bigquery.dataEditor"
          },
          "sensitive_attributes": [],
          "private": "bnVsbA==",
          "dependencies": [
            "google_project_service.cicd_services",
            "google_project_service.shared_services",
            "module.log_export_to_bigquery.google_logging_billing_account_sink.sink",
            "module.log_export_to_bigquery.google_logging_folder_sink.sink",
            "module.log_export_to_bigquery.google_logging_organization_sink.sink",
            "module.log_export_to_bigquery.google_logging_project_sink.sink"
          ]
        },
        {
          "index_key": "staging",
          "schema_version": 0,
          "attributes": {
            "condition": [],
            "etag": "BwYnnTyGBWs=",
            "id": "second-conquest-442417-g7/roles/bigquery.dataEditor/serviceAccount:service-383688651359@gcp-sa-logging.iam.gserviceaccount.com",
            "member": "serviceAccount:service-383688651359@gcp-sa-logging.iam.gserviceaccount.com",
            "project": "second-conquest-442417-g7",
            "role": "roles/bigquery.dataEditor"
          },
          "sensitive_attributes": [],
          "private": "bnVsbA==",
          "dependencies": [
            "google_project_service.cicd_services",
            "google_project_service.shared_services",
            "module.log_export_to_bigquery.google_logging_billing_account_sink.sink",
            "module.log_export_to_bigquery.google_logging_folder_sink.sink",
            "module.log_export_to_bigquery.google_logging_organization_sink.sink",
            "module.log_export_to_bigquery.google_logging_project_sink.sink"
          ]
        }
      ]
    },
    {
      "mode": "managed",
      "type": "google_project_iam_member",
      "name": "cicd_project_roles",
      "provider": "provider[\"registry.terraform.io/hashicorp/google\"]",
      "instances": [
        {
          "index_key": "roles/aiplatform.user",
          "schema_version": 0,
          "attributes": {
            "condition": [],
            "etag": "BwYnndRwRJo=",
            "id": "cicd-ai-starter-pack-442623/roles/aiplatform.user/serviceAccount:cicd-runner@cicd-ai-starter-pack-442623.iam.gserviceaccount.com",
            "member": "serviceAccount:cicd-runner@cicd-ai-starter-pack-442623.iam.gserviceaccount.com",
            "project": "cicd-ai-starter-pack-442623",
            "role": "roles/aiplatform.user"
          },
          "sensitive_attributes": [],
          "private": "bnVsbA==",
          "dependencies": [
            "google_project_service.cicd_services",
            "google_project_service.shared_services",
            "google_service_account.cicd_runner_sa"
          ]
        },
        {
          "index_key": "roles/artifactregistry.writer",
          "schema_version": 0,
          "attributes": {
            "condition": [],
            "etag": "BwYnndRwRJo=",
            "id": "cicd-ai-starter-pack-442623/roles/artifactregistry.writer/serviceAccount:cicd-runner@cicd-ai-starter-pack-442623.iam.gserviceaccount.com",
            "member": "serviceAccount:cicd-runner@cicd-ai-starter-pack-442623.iam.gserviceaccount.com",
            "project": "cicd-ai-starter-pack-442623",
            "role": "roles/artifactregistry.writer"
          },
          "sensitive_attributes": [],
          "private": "bnVsbA==",
          "dependencies": [
            "google_project_service.cicd_services",
            "google_project_service.shared_services",
            "google_service_account.cicd_runner_sa"
          ]
        },
        {
          "index_key": "roles/cloudbuild.builds.builder",
          "schema_version": 0,
          "attributes": {
            "condition": [],
            "etag": "BwYnndRwRJo=",
            "id": "cicd-ai-starter-pack-442623/roles/cloudbuild.builds.builder/serviceAccount:cicd-runner@cicd-ai-starter-pack-442623.iam.gserviceaccount.com",
            "member": "serviceAccount:cicd-runner@cicd-ai-starter-pack-442623.iam.gserviceaccount.com",
            "project": "cicd-ai-starter-pack-442623",
            "role": "roles/cloudbuild.builds.builder"
          },
          "sensitive_attributes": [],
          "private": "bnVsbA==",
          "dependencies": [
            "google_project_service.cicd_services",
            "google_project_service.shared_services",
            "google_service_account.cicd_runner_sa"
          ]
        },
        {
          "index_key": "roles/discoveryengine.editor",
          "schema_version": 0,
          "attributes": {
            "condition": [],
            "etag": "BwYnndRwRJo=",
            "id": "cicd-ai-starter-pack-442623/roles/discoveryengine.editor/serviceAccount:cicd-runner@cicd-ai-starter-pack-442623.iam.gserviceaccount.com",
            "member": "serviceAccount:cicd-runner@cicd-ai-starter-pack-442623.iam.gserviceaccount.com",
            "project": "cicd-ai-starter-pack-442623",
            "role": "roles/discoveryengine.editor"
          },
          "sensitive_attributes": [],
          "private": "bnVsbA==",
          "dependencies": [
            "google_project_service.cicd_services",
            "google_project_service.shared_services",
            "google_service_account.cicd_runner_sa"
          ]
        },
        {
          "index_key": "roles/logging.logWriter",
          "schema_version": 0,
          "attributes": {
            "condition": [],
            "etag": "BwYnndRwRJo=",
            "id": "cicd-ai-starter-pack-442623/roles/logging.logWriter/serviceAccount:cicd-runner@cicd-ai-starter-pack-442623.iam.gserviceaccount.com",
            "member": "serviceAccount:cicd-runner@cicd-ai-starter-pack-442623.iam.gserviceaccount.com",
            "project": "cicd-ai-starter-pack-442623",
            "role": "roles/logging.logWriter"
          },
          "sensitive_attributes": [],
          "private": "bnVsbA==",
          "dependencies": [
            "google_project_service.cicd_services",
            "google_project_service.shared_services",
            "google_service_account.cicd_runner_sa"
          ]
        },
        {
          "index_key": "roles/run.invoker",
          "schema_version": 0,
          "attributes": {
            "condition": [],
            "etag": "BwYnndRwRJo=",
            "id": "cicd-ai-starter-pack-442623/roles/run.invoker/serviceAccount:cicd-runner@cicd-ai-starter-pack-442623.iam.gserviceaccount.com",
            "member": "serviceAccount:cicd-runner@cicd-ai-starter-pack-442623.iam.gserviceaccount.com",
            "project": "cicd-ai-starter-pack-442623",
            "role": "roles/run.invoker"
          },
          "sensitive_attributes": [],
          "private": "bnVsbA==",
          "dependencies": [
            "google_project_service.cicd_services",
            "google_project_service.shared_services",
            "google_service_account.cicd_runner_sa"
          ]
        },
        {
          "index_key": "roles/storage.admin",
          "schema_version": 0,
          "attributes": {
            "condition": [],
            "etag": "BwYnndRwRJo=",
            "id": "cicd-ai-starter-pack-442623/roles/storage.admin/serviceAccount:cicd-runner@cicd-ai-starter-pack-442623.iam.gserviceaccount.com",
            "member": "serviceAccount:cicd-runner@cicd-ai-starter-pack-442623.iam.gserviceaccount.com",
            "project": "cicd-ai-starter-pack-442623",
            "role": "roles/storage.admin"
          },
          "sensitive_attributes": [],
          "private": "bnVsbA==",
          "dependencies": [
            "google_project_service.cicd_services",
            "google_project_service.shared_services",
            "google_service_account.cicd_runner_sa"
          ]
        }
      ]
    },
    {
      "mode": "managed",
      "type": "google_project_iam_member",
      "name": "cicd_run_invoker_artifact_registry_reader",
      "provider": "provider[\"registry.terraform.io/hashicorp/google\"]",
      "instances": [
        {
          "index_key": "prod",
          "schema_version": 0,
          "attributes": {
            "condition": [],
            "etag": "BwYnndRwRJo=",
            "id": "cicd-ai-starter-pack-442623/roles/artifactregistry.reader/serviceAccount:service-197924652919@serverless-robot-prod.iam.gserviceaccount.com",
            "member": "serviceAccount:service-197924652919@serverless-robot-prod.iam.gserviceaccount.com",
            "project": "cicd-ai-starter-pack-442623",
            "role": "roles/artifactregistry.reader"
          },
          "sensitive_attributes": [],
          "private": "bnVsbA==",
          "dependencies": [
            "data.google_project.projects",
            "google_project_service.cicd_services",
            "google_project_service.shared_services"
          ]
        },
        {
          "index_key": "staging",
          "schema_version": 0,
          "attributes": {
            "condition": [],
            "etag": "BwYnndRwRJo=",
            "id": "cicd-ai-starter-pack-442623/roles/artifactregistry.reader/serviceAccount:service-383688651359@serverless-robot-prod.iam.gserviceaccount.com",
            "member": "serviceAccount:service-383688651359@serverless-robot-prod.iam.gserviceaccount.com",
            "project": "cicd-ai-starter-pack-442623",
            "role": "roles/artifactregistry.reader"
          },
          "sensitive_attributes": [],
          "private": "bnVsbA==",
          "dependencies": [
            "data.google_project.projects",
            "google_project_service.cicd_services",
            "google_project_service.shared_services"
          ]
        }
      ]
    },
    {
      "mode": "managed",
      "type": "google_project_iam_member",
      "name": "cloud_run_app_sa_roles",
      "provider": "provider[\"registry.terraform.io/hashicorp/google\"]",
      "instances": [
        {
          "index_key": "prod,roles/aiplatform.user",
          "schema_version": 0,
          "attributes": {
            "condition": [],
            "etag": "BwYnnTzKwmg=",
            "id": "prod-ai-starter-pack-442623/roles/aiplatform.user/serviceAccount:genai-app-sample-cr-sa@prod-ai-starter-pack-442623.iam.gserviceaccount.com",
            "member": "serviceAccount:genai-app-sample-cr-sa@prod-ai-starter-pack-442623.iam.gserviceaccount.com",
            "project": "prod-ai-starter-pack-442623",
            "role": "roles/aiplatform.user"
          },
          "sensitive_attributes": [],
          "private": "bnVsbA==",
          "dependencies": [
            "google_project_service.cicd_services",
            "google_project_service.shared_services",
            "google_service_account.cloud_run_app_sa"
          ]
        },
        {
          "index_key": "prod,roles/cloudtrace.agent",
          "schema_version": 0,
          "attributes": {
            "condition": [],
            "etag": "BwYnnTzKwmg=",
            "id": "prod-ai-starter-pack-442623/roles/cloudtrace.agent/serviceAccount:genai-app-sample-cr-sa@prod-ai-starter-pack-442623.iam.gserviceaccount.com",
            "member": "serviceAccount:genai-app-sample-cr-sa@prod-ai-starter-pack-442623.iam.gserviceaccount.com",
            "project": "prod-ai-starter-pack-442623",
            "role": "roles/cloudtrace.agent"
          },
          "sensitive_attributes": [],
          "private": "bnVsbA==",
          "dependencies": [
            "google_project_service.cicd_services",
            "google_project_service.shared_services",
            "google_service_account.cloud_run_app_sa"
          ]
        },
        {
          "index_key": "prod,roles/discoveryengine.editor",
          "schema_version": 0,
          "attributes": {
            "condition": [],
            "etag": "BwYnnTzKwmg=",
            "id": "prod-ai-starter-pack-442623/roles/discoveryengine.editor/serviceAccount:genai-app-sample-cr-sa@prod-ai-starter-pack-442623.iam.gserviceaccount.com",
            "member": "serviceAccount:genai-app-sample-cr-sa@prod-ai-starter-pack-442623.iam.gserviceaccount.com",
            "project": "prod-ai-starter-pack-442623",
            "role": "roles/discoveryengine.editor"
          },
          "sensitive_attributes": [],
          "private": "bnVsbA==",
          "dependencies": [
            "google_project_service.cicd_services",
            "google_project_service.shared_services",
            "google_service_account.cloud_run_app_sa"
          ]
        },
        {
          "index_key": "prod,roles/logging.logWriter",
          "schema_version": 0,
          "attributes": {
            "condition": [],
            "etag": "BwYnnTzKwmg=",
            "id": "prod-ai-starter-pack-442623/roles/logging.logWriter/serviceAccount:genai-app-sample-cr-sa@prod-ai-starter-pack-442623.iam.gserviceaccount.com",
            "member": "serviceAccount:genai-app-sample-cr-sa@prod-ai-starter-pack-442623.iam.gserviceaccount.com",
            "project": "prod-ai-starter-pack-442623",
            "role": "roles/logging.logWriter"
          },
          "sensitive_attributes": [],
          "private": "bnVsbA==",
          "dependencies": [
            "google_project_service.cicd_services",
            "google_project_service.shared_services",
            "google_service_account.cloud_run_app_sa"
          ]
        },
        {
          "index_key": "prod,roles/storage.admin",
          "schema_version": 0,
          "attributes": {
            "condition": [],
            "etag": "BwYnnTzKwmg=",
            "id": "prod-ai-starter-pack-442623/roles/storage.admin/serviceAccount:genai-app-sample-cr-sa@prod-ai-starter-pack-442623.iam.gserviceaccount.com",
            "member": "serviceAccount:genai-app-sample-cr-sa@prod-ai-starter-pack-442623.iam.gserviceaccount.com",
            "project": "prod-ai-starter-pack-442623",
            "role": "roles/storage.admin"
          },
          "sensitive_attributes": [],
          "private": "bnVsbA==",
          "dependencies": [
            "google_project_service.cicd_services",
            "google_project_service.shared_services",
            "google_service_account.cloud_run_app_sa"
          ]
        },
        {
          "index_key": "staging,roles/aiplatform.user",
          "schema_version": 0,
          "attributes": {
            "condition": [],
            "etag": "BwYnnTyGBWs=",
            "id": "second-conquest-442417-g7/roles/aiplatform.user/serviceAccount:genai-app-sample-cr-sa@second-conquest-442417-g7.iam.gserviceaccount.com",
            "member": "serviceAccount:genai-app-sample-cr-sa@second-conquest-442417-g7.iam.gserviceaccount.com",
            "project": "second-conquest-442417-g7",
            "role": "roles/aiplatform.user"
          },
          "sensitive_attributes": [],
          "private": "bnVsbA==",
          "dependencies": [
            "google_project_service.cicd_services",
            "google_project_service.shared_services",
            "google_service_account.cloud_run_app_sa"
          ]
        },
        {
          "index_key": "staging,roles/cloudtrace.agent",
          "schema_version": 0,
          "attributes": {
            "condition": [],
            "etag": "BwYnnTyGBWs=",
            "id": "second-conquest-442417-g7/roles/cloudtrace.agent/serviceAccount:genai-app-sample-cr-sa@second-conquest-442417-g7.iam.gserviceaccount.com",
            "member": "serviceAccount:genai-app-sample-cr-sa@second-conquest-442417-g7.iam.gserviceaccount.com",
            "project": "second-conquest-442417-g7",
            "role": "roles/cloudtrace.agent"
          },
          "sensitive_attributes": [],
          "private": "bnVsbA==",
          "dependencies": [
            "google_project_service.cicd_services",
            "google_project_service.shared_services",
            "google_service_account.cloud_run_app_sa"
          ]
        },
        {
          "index_key": "staging,roles/discoveryengine.editor",
          "schema_version": 0,
          "attributes": {
            "condition": [],
            "etag": "BwYnnTyGBWs=",
            "id": "second-conquest-442417-g7/roles/discoveryengine.editor/serviceAccount:genai-app-sample-cr-sa@second-conquest-442417-g7.iam.gserviceaccount.com",
            "member": "serviceAccount:genai-app-sample-cr-sa@second-conquest-442417-g7.iam.gserviceaccount.com",
            "project": "second-conquest-442417-g7",
            "role": "roles/discoveryengine.editor"
          },
          "sensitive_attributes": [],
          "private": "bnVsbA==",
          "dependencies": [
            "google_project_service.cicd_services",
            "google_project_service.shared_services",
            "google_service_account.cloud_run_app_sa"
          ]
        },
        {
          "index_key": "staging,roles/logging.logWriter",
          "schema_version": 0,
          "attributes": {
            "condition": [],
            "etag": "BwYnnTyGBWs=",
            "id": "second-conquest-442417-g7/roles/logging.logWriter/serviceAccount:genai-app-sample-cr-sa@second-conquest-442417-g7.iam.gserviceaccount.com",
            "member": "serviceAccount:genai-app-sample-cr-sa@second-conquest-442417-g7.iam.gserviceaccount.com",
            "project": "second-conquest-442417-g7",
            "role": "roles/logging.logWriter"
          },
          "sensitive_attributes": [],
          "private": "bnVsbA==",
          "dependencies": [
            "google_project_service.cicd_services",
            "google_project_service.shared_services",
            "google_service_account.cloud_run_app_sa"
          ]
        },
        {
          "index_key": "staging,roles/storage.admin",
          "schema_version": 0,
          "attributes": {
            "condition": [],
            "etag": "BwYnnTyGBWs=",
            "id": "second-conquest-442417-g7/roles/storage.admin/serviceAccount:genai-app-sample-cr-sa@second-conquest-442417-g7.iam.gserviceaccount.com",
            "member": "serviceAccount:genai-app-sample-cr-sa@second-conquest-442417-g7.iam.gserviceaccount.com",
            "project": "second-conquest-442417-g7",
            "role": "roles/storage.admin"
          },
          "sensitive_attributes": [],
          "private": "bnVsbA==",
          "dependencies": [
            "google_project_service.cicd_services",
            "google_project_service.shared_services",
            "google_service_account.cloud_run_app_sa"
          ]
        }
      ]
    },
    {
      "mode": "managed",
      "type": "google_project_iam_member",
      "name": "other_projects_roles",
      "provider": "provider[\"registry.terraform.io/hashicorp/google\"]",
      "instances": [
        {
          "index_key": "prod-roles/iam.serviceAccountUser",
          "schema_version": 0,
          "attributes": {
            "condition": [],
            "etag": "BwYnnTzKwmg=",
            "id": "prod-ai-starter-pack-442623/roles/iam.serviceAccountUser/serviceAccount:cicd-runner@cicd-ai-starter-pack-442623.iam.gserviceaccount.com",
            "member": "serviceAccount:cicd-runner@cicd-ai-starter-pack-442623.iam.gserviceaccount.com",
            "project": "prod-ai-starter-pack-442623",
            "role": "roles/iam.serviceAccountUser"
          },
          "sensitive_attributes": [],
          "private": "bnVsbA==",
          "dependencies": [
            "google_project_service.cicd_services",
            "google_project_service.shared_services",
            "google_service_account.cicd_runner_sa"
          ]
        },
        {
          "index_key": "prod-roles/run.developer",
          "schema_version": 0,
          "attributes": {
            "condition": [],
            "etag": "BwYnnTzKwmg=",
            "id": "prod-ai-starter-pack-442623/roles/run.developer/serviceAccount:cicd-runner@cicd-ai-starter-pack-442623.iam.gserviceaccount.com",
            "member": "serviceAccount:cicd-runner@cicd-ai-starter-pack-442623.iam.gserviceaccount.com",
            "project": "prod-ai-starter-pack-442623",
            "role": "roles/run.developer"
          },
          "sensitive_attributes": [],
          "private": "bnVsbA==",
          "dependencies": [
            "google_project_service.cicd_services",
            "google_project_service.shared_services",
            "google_service_account.cicd_runner_sa"
          ]
        },
        {
          "index_key": "staging-roles/iam.serviceAccountUser",
          "schema_version": 0,
          "attributes": {
            "condition": [],
            "etag": "BwYnnTyGBWs=",
            "id": "second-conquest-442417-g7/roles/iam.serviceAccountUser/serviceAccount:cicd-runner@cicd-ai-starter-pack-442623.iam.gserviceaccount.com",
            "member": "serviceAccount:cicd-runner@cicd-ai-starter-pack-442623.iam.gserviceaccount.com",
            "project": "second-conquest-442417-g7",
            "role": "roles/iam.serviceAccountUser"
          },
          "sensitive_attributes": [],
          "private": "bnVsbA==",
          "dependencies": [
            "google_project_service.cicd_services",
            "google_project_service.shared_services",
            "google_service_account.cicd_runner_sa"
          ]
        },
        {
          "index_key": "staging-roles/run.developer",
          "schema_version": 0,
          "attributes": {
            "condition": [],
            "etag": "BwYnnTyGBWs=",
            "id": "second-conquest-442417-g7/roles/run.developer/serviceAccount:cicd-runner@cicd-ai-starter-pack-442623.iam.gserviceaccount.com",
            "member": "serviceAccount:cicd-runner@cicd-ai-starter-pack-442623.iam.gserviceaccount.com",
            "project": "second-conquest-442417-g7",
            "role": "roles/run.developer"
          },
          "sensitive_attributes": [],
          "private": "bnVsbA==",
          "dependencies": [
            "google_project_service.cicd_services",
            "google_project_service.shared_services",
            "google_service_account.cicd_runner_sa"
          ]
        }
      ]
    },
    {
      "mode": "managed",
      "type": "google_project_service",
      "name": "cicd_services",
      "provider": "provider[\"registry.terraform.io/hashicorp/google\"]",
      "instances": [
        {
          "index_key": 0,
          "schema_version": 0,
          "attributes": {
            "disable_dependent_services": null,
            "disable_on_destroy": false,
            "id": "cicd-ai-starter-pack-442623/cloudbuild.googleapis.com",
            "project": "cicd-ai-starter-pack-442623",
            "service": "cloudbuild.googleapis.com",
            "timeouts": null
          },
          "sensitive_attributes": [],
          "private": "eyJlMmJmYjczMC1lY2FhLTExZTYtOGY4OC0zNDM2M2JjN2M0YzAiOnsiY3JlYXRlIjoxMjAwMDAwMDAwMDAwLCJkZWxldGUiOjEyMDAwMDAwMDAwMDAsInJlYWQiOjYwMDAwMDAwMDAwMCwidXBkYXRlIjoxMjAwMDAwMDAwMDAwfX0="
        },
        {
          "index_key": 1,
          "schema_version": 0,
          "attributes": {
            "disable_dependent_services": null,
            "disable_on_destroy": false,
            "id": "cicd-ai-starter-pack-442623/discoveryengine.googleapis.com",
            "project": "cicd-ai-starter-pack-442623",
            "service": "discoveryengine.googleapis.com",
            "timeouts": null
          },
          "sensitive_attributes": [],
          "private": "eyJlMmJmYjczMC1lY2FhLTExZTYtOGY4OC0zNDM2M2JjN2M0YzAiOnsiY3JlYXRlIjoxMjAwMDAwMDAwMDAwLCJkZWxldGUiOjEyMDAwMDAwMDAwMDAsInJlYWQiOjYwMDAwMDAwMDAwMCwidXBkYXRlIjoxMjAwMDAwMDAwMDAwfX0="
        },
        {
          "index_key": 2,
          "schema_version": 0,
          "attributes": {
            "disable_dependent_services": null,
            "disable_on_destroy": false,
            "id": "cicd-ai-starter-pack-442623/aiplatform.googleapis.com",
            "project": "cicd-ai-starter-pack-442623",
            "service": "aiplatform.googleapis.com",
            "timeouts": null
          },
          "sensitive_attributes": [],
          "private": "eyJlMmJmYjczMC1lY2FhLTExZTYtOGY4OC0zNDM2M2JjN2M0YzAiOnsiY3JlYXRlIjoxMjAwMDAwMDAwMDAwLCJkZWxldGUiOjEyMDAwMDAwMDAwMDAsInJlYWQiOjYwMDAwMDAwMDAwMCwidXBkYXRlIjoxMjAwMDAwMDAwMDAwfX0="
        },
        {
          "index_key": 3,
          "schema_version": 0,
          "attributes": {
            "disable_dependent_services": null,
            "disable_on_destroy": false,
            "id": "cicd-ai-starter-pack-442623/serviceusage.googleapis.com",
            "project": "cicd-ai-starter-pack-442623",
            "service": "serviceusage.googleapis.com",
            "timeouts": null
          },
          "sensitive_attributes": [],
          "private": "eyJlMmJmYjczMC1lY2FhLTExZTYtOGY4OC0zNDM2M2JjN2M0YzAiOnsiY3JlYXRlIjoxMjAwMDAwMDAwMDAwLCJkZWxldGUiOjEyMDAwMDAwMDAwMDAsInJlYWQiOjYwMDAwMDAwMDAwMCwidXBkYXRlIjoxMjAwMDAwMDAwMDAwfX0="
        },
        {
          "index_key": 4,
          "schema_version": 0,
          "attributes": {
            "disable_dependent_services": null,
            "disable_on_destroy": false,
            "id": "cicd-ai-starter-pack-442623/bigquery.googleapis.com",
            "project": "cicd-ai-starter-pack-442623",
            "service": "bigquery.googleapis.com",
            "timeouts": null
          },
          "sensitive_attributes": [],
          "private": "eyJlMmJmYjczMC1lY2FhLTExZTYtOGY4OC0zNDM2M2JjN2M0YzAiOnsiY3JlYXRlIjoxMjAwMDAwMDAwMDAwLCJkZWxldGUiOjEyMDAwMDAwMDAwMDAsInJlYWQiOjYwMDAwMDAwMDAwMCwidXBkYXRlIjoxMjAwMDAwMDAwMDAwfX0="
        },
        {
          "index_key": 5,
          "schema_version": 0,
          "attributes": {
            "disable_dependent_services": null,
            "disable_on_destroy": false,
            "id": "cicd-ai-starter-pack-442623/cloudresourcemanager.googleapis.com",
            "project": "cicd-ai-starter-pack-442623",
            "service": "cloudresourcemanager.googleapis.com",
            "timeouts": null
          },
          "sensitive_attributes": [],
          "private": "eyJlMmJmYjczMC1lY2FhLTExZTYtOGY4OC0zNDM2M2JjN2M0YzAiOnsiY3JlYXRlIjoxMjAwMDAwMDAwMDAwLCJkZWxldGUiOjEyMDAwMDAwMDAwMDAsInJlYWQiOjYwMDAwMDAwMDAwMCwidXBkYXRlIjoxMjAwMDAwMDAwMDAwfX0="
        },
        {
          "index_key": 6,
          "schema_version": 0,
          "attributes": {
            "disable_dependent_services": null,
            "disable_on_destroy": false,
            "id": "cicd-ai-starter-pack-442623/cloudtrace.googleapis.com",
            "project": "cicd-ai-starter-pack-442623",
            "service": "cloudtrace.googleapis.com",
            "timeouts": null
          },
          "sensitive_attributes": [],
          "private": "eyJlMmJmYjczMC1lY2FhLTExZTYtOGY4OC0zNDM2M2JjN2M0YzAiOnsiY3JlYXRlIjoxMjAwMDAwMDAwMDAwLCJkZWxldGUiOjEyMDAwMDAwMDAwMDAsInJlYWQiOjYwMDAwMDAwMDAwMCwidXBkYXRlIjoxMjAwMDAwMDAwMDAwfX0="
        }
      ]
    },
    {
      "mode": "managed",
      "type": "google_project_service",
      "name": "shared_services",
      "provider": "provider[\"registry.terraform.io/hashicorp/google\"]",
      "instances": [
        {
          "index_key": "prod_aiplatform_googleapis_com",
          "schema_version": 0,
          "attributes": {
            "disable_dependent_services": null,
            "disable_on_destroy": false,
            "id": "prod-ai-starter-pack-442623/aiplatform.googleapis.com",
            "project": "prod-ai-starter-pack-442623",
            "service": "aiplatform.googleapis.com",
            "timeouts": null
          },
          "sensitive_attributes": [],
          "private": "eyJlMmJmYjczMC1lY2FhLTExZTYtOGY4OC0zNDM2M2JjN2M0YzAiOnsiY3JlYXRlIjoxMjAwMDAwMDAwMDAwLCJkZWxldGUiOjEyMDAwMDAwMDAwMDAsInJlYWQiOjYwMDAwMDAwMDAwMCwidXBkYXRlIjoxMjAwMDAwMDAwMDAwfX0="
        },
        {
          "index_key": "prod_bigquery_googleapis_com",
          "schema_version": 0,
          "attributes": {
            "disable_dependent_services": null,
            "disable_on_destroy": false,
            "id": "prod-ai-starter-pack-442623/bigquery.googleapis.com",
            "project": "prod-ai-starter-pack-442623",
            "service": "bigquery.googleapis.com",
            "timeouts": null
          },
          "sensitive_attributes": [],
          "private": "eyJlMmJmYjczMC1lY2FhLTExZTYtOGY4OC0zNDM2M2JjN2M0YzAiOnsiY3JlYXRlIjoxMjAwMDAwMDAwMDAwLCJkZWxldGUiOjEyMDAwMDAwMDAwMDAsInJlYWQiOjYwMDAwMDAwMDAwMCwidXBkYXRlIjoxMjAwMDAwMDAwMDAwfX0="
        },
        {
          "index_key": "prod_cloudresourcemanager_googleapis_com",
          "schema_version": 0,
          "attributes": {
            "disable_dependent_services": null,
            "disable_on_destroy": false,
            "id": "prod-ai-starter-pack-442623/cloudresourcemanager.googleapis.com",
            "project": "prod-ai-starter-pack-442623",
            "service": "cloudresourcemanager.googleapis.com",
            "timeouts": null
          },
          "sensitive_attributes": [],
          "private": "eyJlMmJmYjczMC1lY2FhLTExZTYtOGY4OC0zNDM2M2JjN2M0YzAiOnsiY3JlYXRlIjoxMjAwMDAwMDAwMDAwLCJkZWxldGUiOjEyMDAwMDAwMDAwMDAsInJlYWQiOjYwMDAwMDAwMDAwMCwidXBkYXRlIjoxMjAwMDAwMDAwMDAwfX0="
        },
        {
          "index_key": "prod_cloudtrace_googleapis_com",
          "schema_version": 0,
          "attributes": {
            "disable_dependent_services": null,
            "disable_on_destroy": false,
            "id": "prod-ai-starter-pack-442623/cloudtrace.googleapis.com",
            "project": "prod-ai-starter-pack-442623",
            "service": "cloudtrace.googleapis.com",
            "timeouts": null
          },
          "sensitive_attributes": [],
          "private": "eyJlMmJmYjczMC1lY2FhLTExZTYtOGY4OC0zNDM2M2JjN2M0YzAiOnsiY3JlYXRlIjoxMjAwMDAwMDAwMDAwLCJkZWxldGUiOjEyMDAwMDAwMDAwMDAsInJlYWQiOjYwMDAwMDAwMDAwMCwidXBkYXRlIjoxMjAwMDAwMDAwMDAwfX0="
        },
        {
          "index_key": "prod_discoveryengine_googleapis_com",
          "schema_version": 0,
          "attributes": {
            "disable_dependent_services": null,
            "disable_on_destroy": false,
            "id": "prod-ai-starter-pack-442623/discoveryengine.googleapis.com",
            "project": "prod-ai-starter-pack-442623",
            "service": "discoveryengine.googleapis.com",
            "timeouts": null
          },
          "sensitive_attributes": [],
          "private": "eyJlMmJmYjczMC1lY2FhLTExZTYtOGY4OC0zNDM2M2JjN2M0YzAiOnsiY3JlYXRlIjoxMjAwMDAwMDAwMDAwLCJkZWxldGUiOjEyMDAwMDAwMDAwMDAsInJlYWQiOjYwMDAwMDAwMDAwMCwidXBkYXRlIjoxMjAwMDAwMDAwMDAwfX0="
        },
        {
          "index_key": "prod_iam_googleapis_com",
          "schema_version": 0,
          "attributes": {
            "disable_dependent_services": null,
            "disable_on_destroy": false,
            "id": "prod-ai-starter-pack-442623/iam.googleapis.com",
            "project": "prod-ai-starter-pack-442623",
            "service": "iam.googleapis.com",
            "timeouts": null
          },
          "sensitive_attributes": [],
          "private": "eyJlMmJmYjczMC1lY2FhLTExZTYtOGY4OC0zNDM2M2JjN2M0YzAiOnsiY3JlYXRlIjoxMjAwMDAwMDAwMDAwLCJkZWxldGUiOjEyMDAwMDAwMDAwMDAsInJlYWQiOjYwMDAwMDAwMDAwMCwidXBkYXRlIjoxMjAwMDAwMDAwMDAwfX0="
        },
        {
          "index_key": "prod_logging_googleapis_com",
          "schema_version": 0,
          "attributes": {
            "disable_dependent_services": null,
            "disable_on_destroy": false,
            "id": "prod-ai-starter-pack-442623/logging.googleapis.com",
            "project": "prod-ai-starter-pack-442623",
            "service": "logging.googleapis.com",
            "timeouts": null
          },
          "sensitive_attributes": [],
          "private": "eyJlMmJmYjczMC1lY2FhLTExZTYtOGY4OC0zNDM2M2JjN2M0YzAiOnsiY3JlYXRlIjoxMjAwMDAwMDAwMDAwLCJkZWxldGUiOjEyMDAwMDAwMDAwMDAsInJlYWQiOjYwMDAwMDAwMDAwMCwidXBkYXRlIjoxMjAwMDAwMDAwMDAwfX0="
        },
        {
          "index_key": "prod_run_googleapis_com",
          "schema_version": 0,
          "attributes": {
            "disable_dependent_services": null,
            "disable_on_destroy": false,
            "id": "prod-ai-starter-pack-442623/run.googleapis.com",
            "project": "prod-ai-starter-pack-442623",
            "service": "run.googleapis.com",
            "timeouts": null
          },
          "sensitive_attributes": [],
          "private": "eyJlMmJmYjczMC1lY2FhLTExZTYtOGY4OC0zNDM2M2JjN2M0YzAiOnsiY3JlYXRlIjoxMjAwMDAwMDAwMDAwLCJkZWxldGUiOjEyMDAwMDAwMDAwMDAsInJlYWQiOjYwMDAwMDAwMDAwMCwidXBkYXRlIjoxMjAwMDAwMDAwMDAwfX0="
        },
        {
          "index_key": "prod_serviceusage_googleapis_com",
          "schema_version": 0,
          "attributes": {
            "disable_dependent_services": null,
            "disable_on_destroy": false,
            "id": "prod-ai-starter-pack-442623/serviceusage.googleapis.com",
            "project": "prod-ai-starter-pack-442623",
            "service": "serviceusage.googleapis.com",
            "timeouts": null
          },
          "sensitive_attributes": [],
          "private": "eyJlMmJmYjczMC1lY2FhLTExZTYtOGY4OC0zNDM2M2JjN2M0YzAiOnsiY3JlYXRlIjoxMjAwMDAwMDAwMDAwLCJkZWxldGUiOjEyMDAwMDAwMDAwMDAsInJlYWQiOjYwMDAwMDAwMDAwMCwidXBkYXRlIjoxMjAwMDAwMDAwMDAwfX0="
        },
        {
          "index_key": "staging_aiplatform_googleapis_com",
          "schema_version": 0,
          "attributes": {
            "disable_dependent_services": null,
            "disable_on_destroy": false,
            "id": "second-conquest-442417-g7/aiplatform.googleapis.com",
            "project": "second-conquest-442417-g7",
            "service": "aiplatform.googleapis.com",
            "timeouts": null
          },
          "sensitive_attributes": [],
          "private": "eyJlMmJmYjczMC1lY2FhLTExZTYtOGY4OC0zNDM2M2JjN2M0YzAiOnsiY3JlYXRlIjoxMjAwMDAwMDAwMDAwLCJkZWxldGUiOjEyMDAwMDAwMDAwMDAsInJlYWQiOjYwMDAwMDAwMDAwMCwidXBkYXRlIjoxMjAwMDAwMDAwMDAwfX0="
        },
        {
          "index_key": "staging_bigquery_googleapis_com",
          "schema_version": 0,
          "attributes": {
            "disable_dependent_services": null,
            "disable_on_destroy": false,
            "id": "second-conquest-442417-g7/bigquery.googleapis.com",
            "project": "second-conquest-442417-g7",
            "service": "bigquery.googleapis.com",
            "timeouts": null
          },
          "sensitive_attributes": [],
          "private": "eyJlMmJmYjczMC1lY2FhLTExZTYtOGY4OC0zNDM2M2JjN2M0YzAiOnsiY3JlYXRlIjoxMjAwMDAwMDAwMDAwLCJkZWxldGUiOjEyMDAwMDAwMDAwMDAsInJlYWQiOjYwMDAwMDAwMDAwMCwidXBkYXRlIjoxMjAwMDAwMDAwMDAwfX0="
        },
        {
          "index_key": "staging_cloudresourcemanager_googleapis_com",
          "schema_version": 0,
          "attributes": {
            "disable_dependent_services": null,
            "disable_on_destroy": false,
            "id": "second-conquest-442417-g7/cloudresourcemanager.googleapis.com",
            "project": "second-conquest-442417-g7",
            "service": "cloudresourcemanager.googleapis.com",
            "timeouts": null
          },
          "sensitive_attributes": [],
          "private": "eyJlMmJmYjczMC1lY2FhLTExZTYtOGY4OC0zNDM2M2JjN2M0YzAiOnsiY3JlYXRlIjoxMjAwMDAwMDAwMDAwLCJkZWxldGUiOjEyMDAwMDAwMDAwMDAsInJlYWQiOjYwMDAwMDAwMDAwMCwidXBkYXRlIjoxMjAwMDAwMDAwMDAwfX0="
        },
        {
          "index_key": "staging_cloudtrace_googleapis_com",
          "schema_version": 0,
          "attributes": {
            "disable_dependent_services": null,
            "disable_on_destroy": false,
            "id": "second-conquest-442417-g7/cloudtrace.googleapis.com",
            "project": "second-conquest-442417-g7",
            "service": "cloudtrace.googleapis.com",
            "timeouts": null
          },
          "sensitive_attributes": [],
          "private": "eyJlMmJmYjczMC1lY2FhLTExZTYtOGY4OC0zNDM2M2JjN2M0YzAiOnsiY3JlYXRlIjoxMjAwMDAwMDAwMDAwLCJkZWxldGUiOjEyMDAwMDAwMDAwMDAsInJlYWQiOjYwMDAwMDAwMDAwMCwidXBkYXRlIjoxMjAwMDAwMDAwMDAwfX0="
        },
        {
          "index_key": "staging_discoveryengine_googleapis_com",
          "schema_version": 0,
          "attributes": {
            "disable_dependent_services": null,
            "disable_on_destroy": false,
            "id": "second-conquest-442417-g7/discoveryengine.googleapis.com",
            "project": "second-conquest-442417-g7",
            "service": "discoveryengine.googleapis.com",
            "timeouts": null
          },
          "sensitive_attributes": [],
          "private": "eyJlMmJmYjczMC1lY2FhLTExZTYtOGY4OC0zNDM2M2JjN2M0YzAiOnsiY3JlYXRlIjoxMjAwMDAwMDAwMDAwLCJkZWxldGUiOjEyMDAwMDAwMDAwMDAsInJlYWQiOjYwMDAwMDAwMDAwMCwidXBkYXRlIjoxMjAwMDAwMDAwMDAwfX0="
        },
        {
          "index_key": "staging_iam_googleapis_com",
          "schema_version": 0,
          "attributes": {
            "disable_dependent_services": null,
            "disable_on_destroy": false,
            "id": "second-conquest-442417-g7/iam.googleapis.com",
            "project": "second-conquest-442417-g7",
            "service": "iam.googleapis.com",
            "timeouts": null
          },
          "sensitive_attributes": [],
          "private": "eyJlMmJmYjczMC1lY2FhLTExZTYtOGY4OC0zNDM2M2JjN2M0YzAiOnsiY3JlYXRlIjoxMjAwMDAwMDAwMDAwLCJkZWxldGUiOjEyMDAwMDAwMDAwMDAsInJlYWQiOjYwMDAwMDAwMDAwMCwidXBkYXRlIjoxMjAwMDAwMDAwMDAwfX0="
        },
        {
          "index_key": "staging_logging_googleapis_com",
          "schema_version": 0,
          "attributes": {
            "disable_dependent_services": null,
            "disable_on_destroy": false,
            "id": "second-conquest-442417-g7/logging.googleapis.com",
            "project": "second-conquest-442417-g7",
            "service": "logging.googleapis.com",
            "timeouts": null
          },
          "sensitive_attributes": [],
          "private": "eyJlMmJmYjczMC1lY2FhLTExZTYtOGY4OC0zNDM2M2JjN2M0YzAiOnsiY3JlYXRlIjoxMjAwMDAwMDAwMDAwLCJkZWxldGUiOjEyMDAwMDAwMDAwMDAsInJlYWQiOjYwMDAwMDAwMDAwMCwidXBkYXRlIjoxMjAwMDAwMDAwMDAwfX0="
        },
        {
          "index_key": "staging_run_googleapis_com",
          "schema_version": 0,
          "attributes": {
            "disable_dependent_services": null,
            "disable_on_destroy": false,
            "id": "second-conquest-442417-g7/run.googleapis.com",
            "project": "second-conquest-442417-g7",
            "service": "run.googleapis.com",
            "timeouts": null
          },
          "sensitive_attributes": [],
          "private": "eyJlMmJmYjczMC1lY2FhLTExZTYtOGY4OC0zNDM2M2JjN2M0YzAiOnsiY3JlYXRlIjoxMjAwMDAwMDAwMDAwLCJkZWxldGUiOjEyMDAwMDAwMDAwMDAsInJlYWQiOjYwMDAwMDAwMDAwMCwidXBkYXRlIjoxMjAwMDAwMDAwMDAwfX0="
        },
        {
          "index_key": "staging_serviceusage_googleapis_com",
          "schema_version": 0,
          "attributes": {
            "disable_dependent_services": null,
            "disable_on_destroy": false,
            "id": "second-conquest-442417-g7/serviceusage.googleapis.com",
            "project": "second-conquest-442417-g7",
            "service": "serviceusage.googleapis.com",
            "timeouts": null
          },
          "sensitive_attributes": [],
          "private": "eyJlMmJmYjczMC1lY2FhLTExZTYtOGY4OC0zNDM2M2JjN2M0YzAiOnsiY3JlYXRlIjoxMjAwMDAwMDAwMDAwLCJkZWxldGUiOjEyMDAwMDAwMDAwMDAsInJlYWQiOjYwMDAwMDAwMDAwMCwidXBkYXRlIjoxMjAwMDAwMDAwMDAwfX0="
        }
      ]
    },
    {
      "mode": "managed",
      "type": "google_service_account",
      "name": "cicd_runner_sa",
      "provider": "provider[\"registry.terraform.io/hashicorp/google\"]",
      "instances": [
        {
          "schema_version": 0,
          "attributes": {
            "account_id": "cicd-runner",
            "create_ignore_already_exists": null,
            "description": "",
            "disabled": false,
            "display_name": "CICD Runner SA",
            "email": "cicd-runner@cicd-ai-starter-pack-442623.iam.gserviceaccount.com",
            "id": "projects/cicd-ai-starter-pack-442623/serviceAccounts/cicd-runner@cicd-ai-starter-pack-442623.iam.gserviceaccount.com",
            "member": "serviceAccount:cicd-runner@cicd-ai-starter-pack-442623.iam.gserviceaccount.com",
            "name": "projects/cicd-ai-starter-pack-442623/serviceAccounts/cicd-runner@cicd-ai-starter-pack-442623.iam.gserviceaccount.com",
            "project": "cicd-ai-starter-pack-442623",
            "timeouts": null,
            "unique_id": "102913656142041559279"
          },
          "sensitive_attributes": [],
          "private": "eyJlMmJmYjczMC1lY2FhLTExZTYtOGY4OC0zNDM2M2JjN2M0YzAiOnsiY3JlYXRlIjozMDAwMDAwMDAwMDB9fQ==",
          "dependencies": [
            "google_project_service.cicd_services",
            "google_project_service.shared_services"
          ]
        }
      ]
    },
    {
      "mode": "managed",
      "type": "google_service_account",
      "name": "cloud_run_app_sa",
      "provider": "provider[\"registry.terraform.io/hashicorp/google\"]",
      "instances": [
        {
          "index_key": "prod",
          "schema_version": 0,
          "attributes": {
            "account_id": "genai-app-sample-cr-sa",
            "create_ignore_already_exists": null,
            "description": "",
            "disabled": false,
            "display_name": "Cloud Run Generative AI app SA",
            "email": "genai-app-sample-cr-sa@prod-ai-starter-pack-442623.iam.gserviceaccount.com",
            "id": "projects/prod-ai-starter-pack-442623/serviceAccounts/genai-app-sample-cr-sa@prod-ai-starter-pack-442623.iam.gserviceaccount.com",
            "member": "serviceAccount:genai-app-sample-cr-sa@prod-ai-starter-pack-442623.iam.gserviceaccount.com",
            "name": "projects/prod-ai-starter-pack-442623/serviceAccounts/genai-app-sample-cr-sa@prod-ai-starter-pack-442623.iam.gserviceaccount.com",
            "project": "prod-ai-starter-pack-442623",
            "timeouts": null,
            "unique_id": "100262035544521128105"
          },
          "sensitive_attributes": [],
          "private": "eyJlMmJmYjczMC1lY2FhLTExZTYtOGY4OC0zNDM2M2JjN2M0YzAiOnsiY3JlYXRlIjozMDAwMDAwMDAwMDB9fQ==",
          "dependencies": [
            "google_project_service.cicd_services",
            "google_project_service.shared_services"
          ]
        },
        {
          "index_key": "staging",
          "schema_version": 0,
          "attributes": {
            "account_id": "genai-app-sample-cr-sa",
            "create_ignore_already_exists": null,
            "description": "",
            "disabled": false,
            "display_name": "Cloud Run Generative AI app SA",
            "email": "genai-app-sample-cr-sa@second-conquest-442417-g7.iam.gserviceaccount.com",
            "id": "projects/second-conquest-442417-g7/serviceAccounts/genai-app-sample-cr-sa@second-conquest-442417-g7.iam.gserviceaccount.com",
            "member": "serviceAccount:genai-app-sample-cr-sa@second-conquest-442417-g7.iam.gserviceaccount.com",
            "name": "projects/second-conquest-442417-g7/serviceAccounts/genai-app-sample-cr-sa@second-conquest-442417-g7.iam.gserviceaccount.com",
            "project": "second-conquest-442417-g7",
            "timeouts": null,
            "unique_id": "112798593483605805121"
          },
          "sensitive_attributes": [],
          "private": "eyJlMmJmYjczMC1lY2FhLTExZTYtOGY4OC0zNDM2M2JjN2M0YzAiOnsiY3JlYXRlIjozMDAwMDAwMDAwMDB9fQ==",
          "dependencies": [
            "google_project_service.cicd_services",
            "google_project_service.shared_services"
          ]
        }
      ]
    },
    {
      "mode": "managed",
      "type": "google_service_account_iam_member",
      "name": "cicd_run_invoker_account_user",
      "provider": "provider[\"registry.terraform.io/hashicorp/google\"]",
      "instances": [
        {
          "schema_version": 0,
          "attributes": {
            "condition": [],
            "etag": "BwYnnTvWUv4=",
            "id": "projects/cicd-ai-starter-pack-442623/serviceAccounts/cicd-runner@cicd-ai-starter-pack-442623.iam.gserviceaccount.com/roles/iam.serviceAccountUser/serviceAccount:cicd-runner@cicd-ai-starter-pack-442623.iam.gserviceaccount.com",
            "member": "serviceAccount:cicd-runner@cicd-ai-starter-pack-442623.iam.gserviceaccount.com",
            "role": "roles/iam.serviceAccountUser",
            "service_account_id": "projects/cicd-ai-starter-pack-442623/serviceAccounts/cicd-runner@cicd-ai-starter-pack-442623.iam.gserviceaccount.com"
          },
          "sensitive_attributes": [],
          "private": "bnVsbA==",
          "dependencies": [
            "google_project_service.cicd_services",
            "google_project_service.shared_services",
            "google_service_account.cicd_runner_sa"
          ]
        }
      ]
    },
    {
      "mode": "managed",
      "type": "google_service_account_iam_member",
      "name": "cicd_run_invoker_token_creator",
      "provider": "provider[\"registry.terraform.io/hashicorp/google\"]",
      "instances": [
        {
          "schema_version": 0,
          "attributes": {
            "condition": [],
            "etag": "BwYnnTvWUv4=",
            "id": "projects/cicd-ai-starter-pack-442623/serviceAccounts/cicd-runner@cicd-ai-starter-pack-442623.iam.gserviceaccount.com/roles/iam.serviceAccountTokenCreator/serviceAccount:cicd-runner@cicd-ai-starter-pack-442623.iam.gserviceaccount.com",
            "member": "serviceAccount:cicd-runner@cicd-ai-starter-pack-442623.iam.gserviceaccount.com",
            "role": "roles/iam.serviceAccountTokenCreator",
            "service_account_id": "projects/cicd-ai-starter-pack-442623/serviceAccounts/cicd-runner@cicd-ai-starter-pack-442623.iam.gserviceaccount.com"
          },
          "sensitive_attributes": [],
          "private": "bnVsbA==",
          "dependencies": [
            "google_project_service.cicd_services",
            "google_project_service.shared_services",
            "google_service_account.cicd_runner_sa"
          ]
        }
      ]
    },
    {
      "mode": "managed",
      "type": "google_storage_bucket",
      "name": "bucket_load_test_results",
      "provider": "provider[\"registry.terraform.io/hashicorp/google\"]",
      "instances": [
        {
          "schema_version": 3,
          "attributes": {
            "autoclass": [],
            "cors": [],
            "custom_placement_config": [],
            "default_event_based_hold": false,
            "effective_labels": {
              "goog-terraform-provisioned": "true"
            },
            "enable_object_retention": false,
            "encryption": [],
            "force_destroy": true,
            "hierarchical_namespace": [
              {
                "enabled": false
              }
            ],
            "id": "cicd-ai-starter-pack-442623-cicd-load-test-results",
            "labels": {},
            "lifecycle_rule": [],
            "location": "NORTHAMERICA-NORTHEAST1",
            "logging": [],
            "name": "cicd-ai-starter-pack-442623-cicd-load-test-results",
            "project": "cicd-ai-starter-pack-442623",
            "project_number": 754343384194,
            "public_access_prevention": "inherited",
            "requester_pays": false,
            "retention_policy": [],
            "rpo": null,
            "self_link": "https://www.googleapis.com/storage/v1/b/cicd-ai-starter-pack-442623-cicd-load-test-results",
            "soft_delete_policy": [
              {
                "effective_time": "2024-11-23T23:55:12.223Z",
                "retention_duration_seconds": 604800
              }
            ],
            "storage_class": "STANDARD",
            "terraform_labels": {
              "goog-terraform-provisioned": "true"
            },
            "timeouts": null,
            "uniform_bucket_level_access": true,
            "url": "gs://cicd-ai-starter-pack-442623-cicd-load-test-results",
            "versioning": [],
            "website": []
          },
          "sensitive_attributes": [],
          "private": "eyJlMmJmYjczMC1lY2FhLTExZTYtOGY4OC0zNDM2M2JjN2M0YzAiOnsiY3JlYXRlIjo2MDAwMDAwMDAwMDAsInJlYWQiOjI0MDAwMDAwMDAwMCwidXBkYXRlIjoyNDAwMDAwMDAwMDB9LCJzY2hlbWFfdmVyc2lvbiI6IjMifQ==",
          "dependencies": [
            "google_project_service.cicd_services",
            "google_project_service.shared_services"
          ]
        }
      ]
    },
    {
      "mode": "managed",
      "type": "google_storage_bucket",
      "name": "logs_data_bucket",
      "provider": "provider[\"registry.terraform.io/hashicorp/google\"]",
      "instances": [
        {
          "index_key": "cicd-ai-starter-pack-442623",
          "schema_version": 3,
          "attributes": {
            "autoclass": [],
            "cors": [],
            "custom_placement_config": [],
            "default_event_based_hold": false,
            "effective_labels": {
              "goog-terraform-provisioned": "true"
            },
            "enable_object_retention": false,
            "encryption": [],
            "force_destroy": true,
            "hierarchical_namespace": [
              {
                "enabled": false
              }
            ],
            "id": "cicd-ai-starter-pack-442623-logs-data",
            "labels": {},
            "lifecycle_rule": [],
            "location": "NORTHAMERICA-NORTHEAST1",
            "logging": [],
            "name": "cicd-ai-starter-pack-442623-logs-data",
            "project": "cicd-ai-starter-pack-442623",
            "project_number": 754343384194,
            "public_access_prevention": "inherited",
            "requester_pays": false,
            "retention_policy": [],
            "rpo": null,
            "self_link": "https://www.googleapis.com/storage/v1/b/cicd-ai-starter-pack-442623-logs-data",
            "soft_delete_policy": [
              {
                "effective_time": "2024-11-23T23:55:11.630Z",
                "retention_duration_seconds": 604800
              }
            ],
            "storage_class": "STANDARD",
            "terraform_labels": {
              "goog-terraform-provisioned": "true"
            },
            "timeouts": null,
            "uniform_bucket_level_access": true,
            "url": "gs://cicd-ai-starter-pack-442623-logs-data",
            "versioning": [],
            "website": []
          },
          "sensitive_attributes": [],
          "private": "eyJlMmJmYjczMC1lY2FhLTExZTYtOGY4OC0zNDM2M2JjN2M0YzAiOnsiY3JlYXRlIjo2MDAwMDAwMDAwMDAsInJlYWQiOjI0MDAwMDAwMDAwMCwidXBkYXRlIjoyNDAwMDAwMDAwMDB9LCJzY2hlbWFfdmVyc2lvbiI6IjMifQ==",
          "dependencies": [
            "google_project_service.cicd_services",
            "google_project_service.shared_services"
          ]
        },
        {
          "index_key": "prod-ai-starter-pack-442623",
          "schema_version": 3,
          "attributes": {
            "autoclass": [],
            "cors": [],
            "custom_placement_config": [],
            "default_event_based_hold": false,
            "effective_labels": {
              "goog-terraform-provisioned": "true"
            },
            "enable_object_retention": false,
            "encryption": [],
            "force_destroy": true,
            "hierarchical_namespace": [
              {
                "enabled": false
              }
            ],
            "id": "prod-ai-starter-pack-442623-logs-data",
            "labels": {},
            "lifecycle_rule": [],
            "location": "NORTHAMERICA-NORTHEAST1",
            "logging": [],
            "name": "prod-ai-starter-pack-442623-logs-data",
            "project": "prod-ai-starter-pack-442623",
            "project_number": 197924652919,
            "public_access_prevention": "inherited",
            "requester_pays": false,
            "retention_policy": [],
            "rpo": null,
            "self_link": "https://www.googleapis.com/storage/v1/b/prod-ai-starter-pack-442623-logs-data",
            "soft_delete_policy": [
              {
                "effective_time": "2024-11-23T23:55:12.172Z",
                "retention_duration_seconds": 604800
              }
            ],
            "storage_class": "STANDARD",
            "terraform_labels": {
              "goog-terraform-provisioned": "true"
            },
            "timeouts": null,
            "uniform_bucket_level_access": true,
            "url": "gs://prod-ai-starter-pack-442623-logs-data",
            "versioning": [],
            "website": []
          },
          "sensitive_attributes": [],
          "private": "eyJlMmJmYjczMC1lY2FhLTExZTYtOGY4OC0zNDM2M2JjN2M0YzAiOnsiY3JlYXRlIjo2MDAwMDAwMDAwMDAsInJlYWQiOjI0MDAwMDAwMDAwMCwidXBkYXRlIjoyNDAwMDAwMDAwMDB9LCJzY2hlbWFfdmVyc2lvbiI6IjMifQ==",
          "dependencies": [
            "google_project_service.cicd_services",
            "google_project_service.shared_services"
          ]
        },
        {
          "index_key": "second-conquest-442417-g7",
          "schema_version": 3,
          "attributes": {
            "autoclass": [],
            "cors": [],
            "custom_placement_config": [],
            "default_event_based_hold": false,
            "effective_labels": {
              "goog-terraform-provisioned": "true"
            },
            "enable_object_retention": false,
            "encryption": [],
            "force_destroy": true,
            "hierarchical_namespace": [
              {
                "enabled": false
              }
            ],
            "id": "second-conquest-442417-g7-logs-data",
            "labels": {},
            "lifecycle_rule": [],
            "location": "NORTHAMERICA-NORTHEAST1",
            "logging": [],
            "name": "second-conquest-442417-g7-logs-data",
            "project": "second-conquest-442417-g7",
            "project_number": 383688651359,
            "public_access_prevention": "inherited",
            "requester_pays": false,
            "retention_policy": [],
            "rpo": null,
            "self_link": "https://www.googleapis.com/storage/v1/b/second-conquest-442417-g7-logs-data",
            "soft_delete_policy": [
              {
                "effective_time": "2024-11-23T23:55:12.812Z",
                "retention_duration_seconds": 604800
              }
            ],
            "storage_class": "STANDARD",
            "terraform_labels": {
              "goog-terraform-provisioned": "true"
            },
            "timeouts": null,
            "uniform_bucket_level_access": true,
            "url": "gs://second-conquest-442417-g7-logs-data",
            "versioning": [],
            "website": []
          },
          "sensitive_attributes": [],
          "private": "eyJlMmJmYjczMC1lY2FhLTExZTYtOGY4OC0zNDM2M2JjN2M0YzAiOnsiY3JlYXRlIjo2MDAwMDAwMDAwMDAsInJlYWQiOjI0MDAwMDAwMDAwMCwidXBkYXRlIjoyNDAwMDAwMDAwMDB9LCJzY2hlbWFfdmVyc2lvbiI6IjMifQ==",
          "dependencies": [
            "google_project_service.cicd_services",
            "google_project_service.shared_services"
          ]
        }
      ]
    },
    {
      "module": "module.feedback_export_to_bigquery[\"prod\"]",
      "mode": "managed",
      "type": "google_logging_project_sink",
      "name": "sink",
      "provider": "provider[\"registry.terraform.io/hashicorp/google\"]",
      "instances": [
        {
          "index_key": 0,
          "schema_version": 0,
          "attributes": {
            "bigquery_options": [
              {
                "use_partitioned_tables": true
              }
            ],
            "custom_writer_identity": null,
            "description": "",
            "destination": "bigquery.googleapis.com/projects/prod-ai-starter-pack-442623/datasets/feedback_genai_app_sample_sink",
            "disabled": false,
            "exclusions": [],
            "filter": "jsonPayload.log_type=\"feedback\"",
            "id": "projects/prod-ai-starter-pack-442623/sinks/feedback_logs_genai_app_sample",
            "name": "feedback_logs_genai_app_sample",
            "project": "prod-ai-starter-pack-442623",
            "unique_writer_identity": true,
            "writer_identity": "serviceAccount:service-197924652919@gcp-sa-logging.iam.gserviceaccount.com"
          },
          "sensitive_attributes": [],
          "private": "bnVsbA==",
          "dependencies": [
            "google_bigquery_dataset.feedback_dataset",
            "google_project_service.cicd_services",
            "google_project_service.shared_services"
          ]
        }
      ]
    },
    {
      "module": "module.feedback_export_to_bigquery[\"staging\"]",
      "mode": "managed",
      "type": "google_logging_project_sink",
      "name": "sink",
      "provider": "provider[\"registry.terraform.io/hashicorp/google\"]",
      "instances": [
        {
          "index_key": 0,
          "schema_version": 0,
          "attributes": {
            "bigquery_options": [
              {
                "use_partitioned_tables": true
              }
            ],
            "custom_writer_identity": null,
            "description": "",
            "destination": "bigquery.googleapis.com/projects/second-conquest-442417-g7/datasets/feedback_genai_app_sample_sink",
            "disabled": false,
            "exclusions": [],
            "filter": "jsonPayload.log_type=\"feedback\"",
            "id": "projects/second-conquest-442417-g7/sinks/feedback_logs_genai_app_sample",
            "name": "feedback_logs_genai_app_sample",
            "project": "second-conquest-442417-g7",
            "unique_writer_identity": true,
            "writer_identity": "serviceAccount:service-383688651359@gcp-sa-logging.iam.gserviceaccount.com"
          },
          "sensitive_attributes": [],
          "private": "bnVsbA==",
          "dependencies": [
            "google_bigquery_dataset.feedback_dataset",
            "google_project_service.cicd_services",
            "google_project_service.shared_services"
          ]
        }
      ]
    },
    {
      "module": "module.log_export_to_bigquery[\"prod\"]",
      "mode": "managed",
      "type": "google_logging_project_sink",
      "name": "sink",
      "provider": "provider[\"registry.terraform.io/hashicorp/google\"]",
      "instances": [
        {
          "index_key": 0,
          "schema_version": 0,
          "attributes": {
            "bigquery_options": [
              {
                "use_partitioned_tables": true
              }
            ],
            "custom_writer_identity": null,
            "description": "",
            "destination": "bigquery.googleapis.com/projects/prod-ai-starter-pack-442623/datasets/telemetry_genai_app_sample_sink",
            "disabled": false,
            "exclusions": [],
            "filter": "jsonPayload.attributes.\"traceloop.association.properties.log_type\"=\"tracing\" jsonPayload.resource.attributes.\"service.name\"=\"Sample Chatbot Application\"",
            "id": "projects/prod-ai-starter-pack-442623/sinks/telemetry_logs_genai_app_sample",
            "name": "telemetry_logs_genai_app_sample",
            "project": "prod-ai-starter-pack-442623",
            "unique_writer_identity": true,
            "writer_identity": "serviceAccount:service-197924652919@gcp-sa-logging.iam.gserviceaccount.com"
          },
          "sensitive_attributes": [],
          "private": "bnVsbA==",
          "dependencies": [
            "google_project_service.cicd_services",
            "google_project_service.shared_services"
          ]
        }
      ]
    },
    {
      "module": "module.log_export_to_bigquery[\"staging\"]",
      "mode": "managed",
      "type": "google_logging_project_sink",
      "name": "sink",
      "provider": "provider[\"registry.terraform.io/hashicorp/google\"]",
      "instances": [
        {
          "index_key": 0,
          "schema_version": 0,
          "attributes": {
            "bigquery_options": [
              {
                "use_partitioned_tables": true
              }
            ],
            "custom_writer_identity": null,
            "description": "",
            "destination": "bigquery.googleapis.com/projects/second-conquest-442417-g7/datasets/telemetry_genai_app_sample_sink",
            "disabled": false,
            "exclusions": [],
            "filter": "jsonPayload.attributes.\"traceloop.association.properties.log_type\"=\"tracing\" jsonPayload.resource.attributes.\"service.name\"=\"Sample Chatbot Application\"",
            "id": "projects/second-conquest-442417-g7/sinks/telemetry_logs_genai_app_sample",
            "name": "telemetry_logs_genai_app_sample",
            "project": "second-conquest-442417-g7",
            "unique_writer_identity": true,
            "writer_identity": "serviceAccount:service-383688651359@gcp-sa-logging.iam.gserviceaccount.com"
          },
          "sensitive_attributes": [],
          "private": "bnVsbA==",
          "dependencies": [
            "google_project_service.cicd_services",
            "google_project_service.shared_services"
          ]
        }
      ]
    }
  ],
  "check_results": null
}
